// !$*UTF8*$!
{
	archiveVersion = 1;
	classes = {
	};
	objectVersion = 46;
	objects = {

/* Begin PBXBuildFile section */
		43E9FC581A839F4A00DB023F /* AppDelegate.swift in Sources */ = {isa = PBXBuildFile; fileRef = 43E9FC571A839F4A00DB023F /* AppDelegate.swift */; };
		43E9FC5A1A839F4A00DB023F /* FirstViewController.swift in Sources */ = {isa = PBXBuildFile; fileRef = 43E9FC591A839F4A00DB023F /* FirstViewController.swift */; };
		43E9FC5C1A839F4A00DB023F /* SecondViewController.swift in Sources */ = {isa = PBXBuildFile; fileRef = 43E9FC5B1A839F4A00DB023F /* SecondViewController.swift */; };
		43E9FC5F1A839F4A00DB023F /* Main.storyboard in Resources */ = {isa = PBXBuildFile; fileRef = 43E9FC5D1A839F4A00DB023F /* Main.storyboard */; };
		43E9FC611A839F4A00DB023F /* Images.xcassets in Resources */ = {isa = PBXBuildFile; fileRef = 43E9FC601A839F4A00DB023F /* Images.xcassets */; };
		43E9FC641A839F4A00DB023F /* LaunchScreen.xib in Resources */ = {isa = PBXBuildFile; fileRef = 43E9FC621A839F4A00DB023F /* LaunchScreen.xib */; };
		43E9FC701A839F4A00DB023F /* dropoffpickupTests.swift in Sources */ = {isa = PBXBuildFile; fileRef = 43E9FC6F1A839F4A00DB023F /* dropoffpickupTests.swift */; };
		43E9FC7A1A83A70800DB023F /* DropOffPickUp.swift in Sources */ = {isa = PBXBuildFile; fileRef = 43E9FC791A83A70800DB023F /* DropOffPickUp.swift */; };
		43E9FC811A83A79B00DB023F /* Bolts.framework in Frameworks */ = {isa = PBXBuildFile; fileRef = 43E9FC7C1A83A79B00DB023F /* Bolts.framework */; };
		43E9FC821A83A79B00DB023F /* Parse.framework in Frameworks */ = {isa = PBXBuildFile; fileRef = 43E9FC7D1A83A79B00DB023F /* Parse.framework */; };
		43E9FC831A83A79B00DB023F /* ParseCrashReporting.framework in Frameworks */ = {isa = PBXBuildFile; fileRef = 43E9FC7E1A83A79B00DB023F /* ParseCrashReporting.framework */; };
		43E9FC841A83A79B00DB023F /* ParseFacebookUtils.framework in Frameworks */ = {isa = PBXBuildFile; fileRef = 43E9FC7F1A83A79B00DB023F /* ParseFacebookUtils.framework */; };
		43E9FC851A83A79B00DB023F /* ParseUI.framework in Frameworks */ = {isa = PBXBuildFile; fileRef = 43E9FC801A83A79B00DB023F /* ParseUI.framework */; };
		43E9FC871A83A7B900DB023F /* AudioToolbox.framework in Frameworks */ = {isa = PBXBuildFile; fileRef = 43E9FC861A83A7B900DB023F /* AudioToolbox.framework */; };
		43E9FC891A83A7C000DB023F /* CFNetwork.framework in Frameworks */ = {isa = PBXBuildFile; fileRef = 43E9FC881A83A7C000DB023F /* CFNetwork.framework */; };
		43E9FC8B1A83A7C700DB023F /* CoreGraphics.framework in Frameworks */ = {isa = PBXBuildFile; fileRef = 43E9FC8A1A83A7C700DB023F /* CoreGraphics.framework */; };
		43E9FC8D1A83A7CE00DB023F /* CoreLocation.framework in Frameworks */ = {isa = PBXBuildFile; fileRef = 43E9FC8C1A83A7CE00DB023F /* CoreLocation.framework */; };
		43E9FC8F1A83A7D600DB023F /* MobileCoreServices.framework in Frameworks */ = {isa = PBXBuildFile; fileRef = 43E9FC8E1A83A7D600DB023F /* MobileCoreServices.framework */; };
		43E9FC911A83A7DD00DB023F /* Accounts.framework in Frameworks */ = {isa = PBXBuildFile; fileRef = 43E9FC901A83A7DD00DB023F /* Accounts.framework */; };
		43E9FC931A83A7E300DB023F /* QuartzCore.framework in Frameworks */ = {isa = PBXBuildFile; fileRef = 43E9FC921A83A7E300DB023F /* QuartzCore.framework */; };
		43E9FC951A83A7E900DB023F /* Security.framework in Frameworks */ = {isa = PBXBuildFile; fileRef = 43E9FC941A83A7E900DB023F /* Security.framework */; };
		43E9FC971A83A7EF00DB023F /* StoreKit.framework in Frameworks */ = {isa = PBXBuildFile; fileRef = 43E9FC961A83A7EF00DB023F /* StoreKit.framework */; };
		43E9FC991A83A7F500DB023F /* SystemConfiguration.framework in Frameworks */ = {isa = PBXBuildFile; fileRef = 43E9FC981A83A7F500DB023F /* SystemConfiguration.framework */; };
		43E9FC9B1A83A7FE00DB023F /* libz.dylib in Frameworks */ = {isa = PBXBuildFile; fileRef = 43E9FC9A1A83A7FE00DB023F /* libz.dylib */; };
		43E9FC9D1A83A80600DB023F /* libsqlite3.dylib in Frameworks */ = {isa = PBXBuildFile; fileRef = 43E9FC9C1A83A80600DB023F /* libsqlite3.dylib */; };
		43E9FC9F1A83A9EE00DB023F /* Social.framework in Frameworks */ = {isa = PBXBuildFile; fileRef = 43E9FC9E1A83A9EE00DB023F /* Social.framework */; };
		43FFCF7E1A8A64B000C6417B /* DropedOffPickedUpTableViewCell.swift in Sources */ = {isa = PBXBuildFile; fileRef = 43FFCF7D1A8A64B000C6417B /* DropedOffPickedUpTableViewCell.swift */; };
/* End PBXBuildFile section */

/* Begin PBXContainerItemProxy section */
		43E9FC6A1A839F4A00DB023F /* PBXContainerItemProxy */ = {
			isa = PBXContainerItemProxy;
			containerPortal = 43E9FC4A1A839F4900DB023F /* Project object */;
			proxyType = 1;
			remoteGlobalIDString = 43E9FC511A839F4900DB023F;
			remoteInfo = dropoffpickup;
		};
/* End PBXContainerItemProxy section */

/* Begin PBXFileReference section */
		43E9FC521A839F4900DB023F /* dropoffpickup.app */ = {isa = PBXFileReference; explicitFileType = wrapper.application; includeInIndex = 0; path = dropoffpickup.app; sourceTree = BUILT_PRODUCTS_DIR; };
		43E9FC561A839F4A00DB023F /* Info.plist */ = {isa = PBXFileReference; lastKnownFileType = text.plist.xml; path = Info.plist; sourceTree = "<group>"; };
		43E9FC571A839F4A00DB023F /* AppDelegate.swift */ = {isa = PBXFileReference; lastKnownFileType = sourcecode.swift; path = AppDelegate.swift; sourceTree = "<group>"; };
		43E9FC591A839F4A00DB023F /* FirstViewController.swift */ = {isa = PBXFileReference; lastKnownFileType = sourcecode.swift; path = FirstViewController.swift; sourceTree = "<group>"; };
		43E9FC5B1A839F4A00DB023F /* SecondViewController.swift */ = {isa = PBXFileReference; lastKnownFileType = sourcecode.swift; path = SecondViewController.swift; sourceTree = "<group>"; };
		43E9FC5E1A839F4A00DB023F /* Base */ = {isa = PBXFileReference; lastKnownFileType = file.storyboard; name = Base; path = Base.lproj/Main.storyboard; sourceTree = "<group>"; };
		43E9FC601A839F4A00DB023F /* Images.xcassets */ = {isa = PBXFileReference; lastKnownFileType = folder.assetcatalog; path = Images.xcassets; sourceTree = "<group>"; };
		43E9FC631A839F4A00DB023F /* Base */ = {isa = PBXFileReference; lastKnownFileType = file.xib; name = Base; path = Base.lproj/LaunchScreen.xib; sourceTree = "<group>"; };
		43E9FC691A839F4A00DB023F /* dropoffpickupTests.xctest */ = {isa = PBXFileReference; explicitFileType = wrapper.cfbundle; includeInIndex = 0; path = dropoffpickupTests.xctest; sourceTree = BUILT_PRODUCTS_DIR; };
		43E9FC6E1A839F4A00DB023F /* Info.plist */ = {isa = PBXFileReference; lastKnownFileType = text.plist.xml; path = Info.plist; sourceTree = "<group>"; };
		43E9FC6F1A839F4A00DB023F /* dropoffpickupTests.swift */ = {isa = PBXFileReference; lastKnownFileType = sourcecode.swift; path = dropoffpickupTests.swift; sourceTree = "<group>"; };
		43E9FC791A83A70800DB023F /* DropOffPickUp.swift */ = {isa = PBXFileReference; fileEncoding = 4; lastKnownFileType = sourcecode.swift; path = DropOffPickUp.swift; sourceTree = "<group>"; };
		43E9FC7C1A83A79B00DB023F /* Bolts.framework */ = {isa = PBXFileReference; lastKnownFileType = wrapper.framework; path = Bolts.framework; sourceTree = "<group>"; };
		43E9FC7D1A83A79B00DB023F /* Parse.framework */ = {isa = PBXFileReference; lastKnownFileType = wrapper.framework; path = Parse.framework; sourceTree = "<group>"; };
		43E9FC7E1A83A79B00DB023F /* ParseCrashReporting.framework */ = {isa = PBXFileReference; lastKnownFileType = wrapper.framework; path = ParseCrashReporting.framework; sourceTree = "<group>"; };
		43E9FC7F1A83A79B00DB023F /* ParseFacebookUtils.framework */ = {isa = PBXFileReference; lastKnownFileType = wrapper.framework; path = ParseFacebookUtils.framework; sourceTree = "<group>"; };
		43E9FC801A83A79B00DB023F /* ParseUI.framework */ = {isa = PBXFileReference; lastKnownFileType = wrapper.framework; path = ParseUI.framework; sourceTree = "<group>"; };
		43E9FC861A83A7B900DB023F /* AudioToolbox.framework */ = {isa = PBXFileReference; lastKnownFileType = wrapper.framework; name = AudioToolbox.framework; path = System/Library/Frameworks/AudioToolbox.framework; sourceTree = SDKROOT; };
		43E9FC881A83A7C000DB023F /* CFNetwork.framework */ = {isa = PBXFileReference; lastKnownFileType = wrapper.framework; name = CFNetwork.framework; path = System/Library/Frameworks/CFNetwork.framework; sourceTree = SDKROOT; };
		43E9FC8A1A83A7C700DB023F /* CoreGraphics.framework */ = {isa = PBXFileReference; lastKnownFileType = wrapper.framework; name = CoreGraphics.framework; path = System/Library/Frameworks/CoreGraphics.framework; sourceTree = SDKROOT; };
		43E9FC8C1A83A7CE00DB023F /* CoreLocation.framework */ = {isa = PBXFileReference; lastKnownFileType = wrapper.framework; name = CoreLocation.framework; path = System/Library/Frameworks/CoreLocation.framework; sourceTree = SDKROOT; };
		43E9FC8E1A83A7D600DB023F /* MobileCoreServices.framework */ = {isa = PBXFileReference; lastKnownFileType = wrapper.framework; name = MobileCoreServices.framework; path = System/Library/Frameworks/MobileCoreServices.framework; sourceTree = SDKROOT; };
		43E9FC901A83A7DD00DB023F /* Accounts.framework */ = {isa = PBXFileReference; lastKnownFileType = wrapper.framework; name = Accounts.framework; path = System/Library/Frameworks/Accounts.framework; sourceTree = SDKROOT; };
		43E9FC921A83A7E300DB023F /* QuartzCore.framework */ = {isa = PBXFileReference; lastKnownFileType = wrapper.framework; name = QuartzCore.framework; path = System/Library/Frameworks/QuartzCore.framework; sourceTree = SDKROOT; };
		43E9FC941A83A7E900DB023F /* Security.framework */ = {isa = PBXFileReference; lastKnownFileType = wrapper.framework; name = Security.framework; path = System/Library/Frameworks/Security.framework; sourceTree = SDKROOT; };
		43E9FC961A83A7EF00DB023F /* StoreKit.framework */ = {isa = PBXFileReference; lastKnownFileType = wrapper.framework; name = StoreKit.framework; path = System/Library/Frameworks/StoreKit.framework; sourceTree = SDKROOT; };
		43E9FC981A83A7F500DB023F /* SystemConfiguration.framework */ = {isa = PBXFileReference; lastKnownFileType = wrapper.framework; name = SystemConfiguration.framework; path = System/Library/Frameworks/SystemConfiguration.framework; sourceTree = SDKROOT; };
		43E9FC9A1A83A7FE00DB023F /* libz.dylib */ = {isa = PBXFileReference; lastKnownFileType = "compiled.mach-o.dylib"; name = libz.dylib; path = usr/lib/libz.dylib; sourceTree = SDKROOT; };
		43E9FC9C1A83A80600DB023F /* libsqlite3.dylib */ = {isa = PBXFileReference; lastKnownFileType = "compiled.mach-o.dylib"; name = libsqlite3.dylib; path = usr/lib/libsqlite3.dylib; sourceTree = SDKROOT; };
		43E9FC9E1A83A9EE00DB023F /* Social.framework */ = {isa = PBXFileReference; lastKnownFileType = wrapper.framework; name = Social.framework; path = System/Library/Frameworks/Social.framework; sourceTree = SDKROOT; };
		43FFCF7D1A8A64B000C6417B /* DropedOffPickedUpTableViewCell.swift */ = {isa = PBXFileReference; fileEncoding = 4; lastKnownFileType = sourcecode.swift; path = DropedOffPickedUpTableViewCell.swift; sourceTree = "<group>"; };
/* End PBXFileReference section */

/* Begin PBXFrameworksBuildPhase section */
		43E9FC4F1A839F4900DB023F /* Frameworks */ = {
			isa = PBXFrameworksBuildPhase;
			buildActionMask = 2147483647;
			files = (
				43E9FC9F1A83A9EE00DB023F /* Social.framework in Frameworks */,
				43E9FC9D1A83A80600DB023F /* libsqlite3.dylib in Frameworks */,
				43E9FC9B1A83A7FE00DB023F /* libz.dylib in Frameworks */,
				43E9FC991A83A7F500DB023F /* SystemConfiguration.framework in Frameworks */,
				43E9FC971A83A7EF00DB023F /* StoreKit.framework in Frameworks */,
				43E9FC951A83A7E900DB023F /* Security.framework in Frameworks */,
				43E9FC931A83A7E300DB023F /* QuartzCore.framework in Frameworks */,
				43E9FC911A83A7DD00DB023F /* Accounts.framework in Frameworks */,
				43E9FC8F1A83A7D600DB023F /* MobileCoreServices.framework in Frameworks */,
				43E9FC8D1A83A7CE00DB023F /* CoreLocation.framework in Frameworks */,
				43E9FC8B1A83A7C700DB023F /* CoreGraphics.framework in Frameworks */,
				43E9FC891A83A7C000DB023F /* CFNetwork.framework in Frameworks */,
				43E9FC871A83A7B900DB023F /* AudioToolbox.framework in Frameworks */,
				43E9FC821A83A79B00DB023F /* Parse.framework in Frameworks */,
				43E9FC831A83A79B00DB023F /* ParseCrashReporting.framework in Frameworks */,
				43E9FC851A83A79B00DB023F /* ParseUI.framework in Frameworks */,
				43E9FC841A83A79B00DB023F /* ParseFacebookUtils.framework in Frameworks */,
				43E9FC811A83A79B00DB023F /* Bolts.framework in Frameworks */,
			);
			runOnlyForDeploymentPostprocessing = 0;
		};
		43E9FC661A839F4A00DB023F /* Frameworks */ = {
			isa = PBXFrameworksBuildPhase;
			buildActionMask = 2147483647;
			files = (
			);
			runOnlyForDeploymentPostprocessing = 0;
		};
/* End PBXFrameworksBuildPhase section */

/* Begin PBXGroup section */
		43E9FC491A839F4900DB023F = {
			isa = PBXGroup;
			children = (
				43E9FC9E1A83A9EE00DB023F /* Social.framework */,
				43E9FC9C1A83A80600DB023F /* libsqlite3.dylib */,
				43E9FC9A1A83A7FE00DB023F /* libz.dylib */,
				43E9FC981A83A7F500DB023F /* SystemConfiguration.framework */,
				43E9FC961A83A7EF00DB023F /* StoreKit.framework */,
				43E9FC941A83A7E900DB023F /* Security.framework */,
				43E9FC921A83A7E300DB023F /* QuartzCore.framework */,
				43E9FC901A83A7DD00DB023F /* Accounts.framework */,
				43E9FC8E1A83A7D600DB023F /* MobileCoreServices.framework */,
				43E9FC8C1A83A7CE00DB023F /* CoreLocation.framework */,
				43E9FC8A1A83A7C700DB023F /* CoreGraphics.framework */,
				43E9FC881A83A7C000DB023F /* CFNetwork.framework */,
				43E9FC861A83A7B900DB023F /* AudioToolbox.framework */,
				43E9FC541A839F4900DB023F /* dropoffpickup */,
				43E9FC6C1A839F4A00DB023F /* dropoffpickupTests */,
				43E9FC531A839F4900DB023F /* Products */,
			);
			sourceTree = "<group>";
		};
		43E9FC531A839F4900DB023F /* Products */ = {
			isa = PBXGroup;
			children = (
				43E9FC521A839F4900DB023F /* dropoffpickup.app */,
				43E9FC691A839F4A00DB023F /* dropoffpickupTests.xctest */,
			);
			name = Products;
			sourceTree = "<group>";
		};
		43E9FC541A839F4900DB023F /* dropoffpickup */ = {
			isa = PBXGroup;
			children = (
				43E9FC7B1A83A79B00DB023F /* parse-library-1.6.2 */,
				43E9FC571A839F4A00DB023F /* AppDelegate.swift */,
				43FFCF7D1A8A64B000C6417B /* DropedOffPickedUpTableViewCell.swift */,
				43E9FC591A839F4A00DB023F /* FirstViewController.swift */,
				43E9FC5B1A839F4A00DB023F /* SecondViewController.swift */,
				43E9FC5D1A839F4A00DB023F /* Main.storyboard */,
				43E9FC601A839F4A00DB023F /* Images.xcassets */,
				43E9FC621A839F4A00DB023F /* LaunchScreen.xib */,
				43E9FC551A839F4A00DB023F /* Supporting Files */,
				43E9FC791A83A70800DB023F /* DropOffPickUp.swift */,
			);
			path = dropoffpickup;
			sourceTree = "<group>";
		};
		43E9FC551A839F4A00DB023F /* Supporting Files */ = {
			isa = PBXGroup;
			children = (
				43E9FC561A839F4A00DB023F /* Info.plist */,
			);
			name = "Supporting Files";
			sourceTree = "<group>";
		};
		43E9FC6C1A839F4A00DB023F /* dropoffpickupTests */ = {
			isa = PBXGroup;
			children = (
				43E9FC6F1A839F4A00DB023F /* dropoffpickupTests.swift */,
				43E9FC6D1A839F4A00DB023F /* Supporting Files */,
			);
			path = dropoffpickupTests;
			sourceTree = "<group>";
		};
		43E9FC6D1A839F4A00DB023F /* Supporting Files */ = {
			isa = PBXGroup;
			children = (
				43E9FC6E1A839F4A00DB023F /* Info.plist */,
			);
			name = "Supporting Files";
			sourceTree = "<group>";
		};
		43E9FC7B1A83A79B00DB023F /* parse-library-1.6.2 */ = {
			isa = PBXGroup;
			children = (
				43E9FC7C1A83A79B00DB023F /* Bolts.framework */,
				43E9FC7D1A83A79B00DB023F /* Parse.framework */,
				43E9FC7E1A83A79B00DB023F /* ParseCrashReporting.framework */,
				43E9FC7F1A83A79B00DB023F /* ParseFacebookUtils.framework */,
				43E9FC801A83A79B00DB023F /* ParseUI.framework */,
			);
			path = "parse-library-1.6.2";
			sourceTree = "<group>";
		};
/* End PBXGroup section */

/* Begin PBXNativeTarget section */
		43E9FC511A839F4900DB023F /* dropoffpickup */ = {
			isa = PBXNativeTarget;
			buildConfigurationList = 43E9FC731A839F4A00DB023F /* Build configuration list for PBXNativeTarget "dropoffpickup" */;
			buildPhases = (
				43E9FC4E1A839F4900DB023F /* Sources */,
				43E9FC4F1A839F4900DB023F /* Frameworks */,
				43E9FC501A839F4900DB023F /* Resources */,
			);
			buildRules = (
			);
			dependencies = (
			);
			name = dropoffpickup;
			productName = dropoffpickup;
			productReference = 43E9FC521A839F4900DB023F /* dropoffpickup.app */;
			productType = "com.apple.product-type.application";
		};
		43E9FC681A839F4A00DB023F /* dropoffpickupTests */ = {
			isa = PBXNativeTarget;
			buildConfigurationList = 43E9FC761A839F4A00DB023F /* Build configuration list for PBXNativeTarget "dropoffpickupTests" */;
			buildPhases = (
				43E9FC651A839F4A00DB023F /* Sources */,
				43E9FC661A839F4A00DB023F /* Frameworks */,
				43E9FC671A839F4A00DB023F /* Resources */,
			);
			buildRules = (
			);
			dependencies = (
				43E9FC6B1A839F4A00DB023F /* PBXTargetDependency */,
			);
			name = dropoffpickupTests;
			productName = dropoffpickupTests;
			productReference = 43E9FC691A839F4A00DB023F /* dropoffpickupTests.xctest */;
			productType = "com.apple.product-type.bundle.unit-test";
		};
/* End PBXNativeTarget section */

/* Begin PBXProject section */
		43E9FC4A1A839F4900DB023F /* Project object */ = {
			isa = PBXProject;
			attributes = {
				LastUpgradeCheck = 0610;
				ORGANIZATIONNAME = "Raaef Khan";
				TargetAttributes = {
					43E9FC511A839F4900DB023F = {
						CreatedOnToolsVersion = 6.1.1;
					};
					43E9FC681A839F4A00DB023F = {
						CreatedOnToolsVersion = 6.1.1;
						TestTargetID = 43E9FC511A839F4900DB023F;
					};
				};
			};
			buildConfigurationList = 43E9FC4D1A839F4900DB023F /* Build configuration list for PBXProject "dropoffpickup" */;
			compatibilityVersion = "Xcode 3.2";
			developmentRegion = English;
			hasScannedForEncodings = 0;
			knownRegions = (
				en,
				Base,
			);
			mainGroup = 43E9FC491A839F4900DB023F;
			productRefGroup = 43E9FC531A839F4900DB023F /* Products */;
			projectDirPath = "";
			projectRoot = "";
			targets = (
				43E9FC511A839F4900DB023F /* dropoffpickup */,
				43E9FC681A839F4A00DB023F /* dropoffpickupTests */,
			);
		};
/* End PBXProject section */

/* Begin PBXResourcesBuildPhase section */
		43E9FC501A839F4900DB023F /* Resources */ = {
			isa = PBXResourcesBuildPhase;
			buildActionMask = 2147483647;
			files = (
				43E9FC5F1A839F4A00DB023F /* Main.storyboard in Resources */,
				43E9FC641A839F4A00DB023F /* LaunchScreen.xib in Resources */,
				43E9FC611A839F4A00DB023F /* Images.xcassets in Resources */,
			);
			runOnlyForDeploymentPostprocessing = 0;
		};
		43E9FC671A839F4A00DB023F /* Resources */ = {
			isa = PBXResourcesBuildPhase;
			buildActionMask = 2147483647;
			files = (
			);
			runOnlyForDeploymentPostprocessing = 0;
		};
/* End PBXResourcesBuildPhase section */

/* Begin PBXSourcesBuildPhase section */
		43E9FC4E1A839F4900DB023F /* Sources */ = {
			isa = PBXSourcesBuildPhase;
			buildActionMask = 2147483647;
			files = (
				43E9FC5C1A839F4A00DB023F /* SecondViewController.swift in Sources */,
				43FFCF7E1A8A64B000C6417B /* DropedOffPickedUpTableViewCell.swift in Sources */,
				43E9FC581A839F4A00DB023F /* AppDelegate.swift in Sources */,
				43E9FC7A1A83A70800DB023F /* DropOffPickUp.swift in Sources */,
				43E9FC5A1A839F4A00DB023F /* FirstViewController.swift in Sources */,
			);
			runOnlyForDeploymentPostprocessing = 0;
		};
		43E9FC651A839F4A00DB023F /* Sources */ = {
			isa = PBXSourcesBuildPhase;
			buildActionMask = 2147483647;
			files = (
				43E9FC701A839F4A00DB023F /* dropoffpickupTests.swift in Sources */,
			);
			runOnlyForDeploymentPostprocessing = 0;
		};
/* End PBXSourcesBuildPhase section */

/* Begin PBXTargetDependency section */
		43E9FC6B1A839F4A00DB023F /* PBXTargetDependency */ = {
			isa = PBXTargetDependency;
			target = 43E9FC511A839F4900DB023F /* dropoffpickup */;
			targetProxy = 43E9FC6A1A839F4A00DB023F /* PBXContainerItemProxy */;
		};
/* End PBXTargetDependency section */

/* Begin PBXVariantGroup section */
		43E9FC5D1A839F4A00DB023F /* Main.storyboard */ = {
			isa = PBXVariantGroup;
			children = (
				43E9FC5E1A839F4A00DB023F /* Base */,
			);
			name = Main.storyboard;
			sourceTree = "<group>";
		};
		43E9FC621A839F4A00DB023F /* LaunchScreen.xib */ = {
			isa = PBXVariantGroup;
			children = (
				43E9FC631A839F4A00DB023F /* Base */,
			);
			name = LaunchScreen.xib;
			sourceTree = "<group>";
		};
/* End PBXVariantGroup section */

/* Begin XCBuildConfiguration section */
		43E9FC711A839F4A00DB023F /* Debug */ = {
			isa = XCBuildConfiguration;
			buildSettings = {
				ALWAYS_SEARCH_USER_PATHS = NO;
				CLANG_CXX_LANGUAGE_STANDARD = "gnu++0x";
				CLANG_CXX_LIBRARY = "libc++";
				CLANG_ENABLE_MODULES = YES;
				CLANG_ENABLE_OBJC_ARC = YES;
				CLANG_WARN_BOOL_CONVERSION = YES;
				CLANG_WARN_CONSTANT_CONVERSION = YES;
				CLANG_WARN_DIRECT_OBJC_ISA_USAGE = YES_ERROR;
				CLANG_WARN_EMPTY_BODY = YES;
				CLANG_WARN_ENUM_CONVERSION = YES;
				CLANG_WARN_INT_CONVERSION = YES;
				CLANG_WARN_OBJC_ROOT_CLASS = YES_ERROR;
				CLANG_WARN_UNREACHABLE_CODE = YES;
				CLANG_WARN__DUPLICATE_METHOD_MATCH = YES;
				"CODE_SIGN_IDENTITY[sdk=iphoneos*]" = "iPhone Developer";
				COPY_PHASE_STRIP = NO;
				ENABLE_STRICT_OBJC_MSGSEND = YES;
				GCC_C_LANGUAGE_STANDARD = gnu99;
				GCC_DYNAMIC_NO_PIC = NO;
				GCC_OPTIMIZATION_LEVEL = 0;
				GCC_PREPROCESSOR_DEFINITIONS = (
					"DEBUG=1",
					"$(inherited)",
				);
				GCC_SYMBOLS_PRIVATE_EXTERN = NO;
				GCC_WARN_64_TO_32_BIT_CONVERSION = YES;
				GCC_WARN_ABOUT_RETURN_TYPE = YES_ERROR;
				GCC_WARN_UNDECLARED_SELECTOR = YES;
				GCC_WARN_UNINITIALIZED_AUTOS = YES_AGGRESSIVE;
				GCC_WARN_UNUSED_FUNCTION = YES;
				GCC_WARN_UNUSED_VARIABLE = YES;
				IPHONEOS_DEPLOYMENT_TARGET = 8.1;
				MTL_ENABLE_DEBUG_INFO = YES;
				ONLY_ACTIVE_ARCH = YES;
				SDKROOT = iphoneos;
				SWIFT_OPTIMIZATION_LEVEL = "-Onone";
			};
			name = Debug;
		};
		43E9FC721A839F4A00DB023F /* Release */ = {
			isa = XCBuildConfiguration;
			buildSettings = {
				ALWAYS_SEARCH_USER_PATHS = NO;
				CLANG_CXX_LANGUAGE_STANDARD = "gnu++0x";
				CLANG_CXX_LIBRARY = "libc++";
				CLANG_ENABLE_MODULES = YES;
				CLANG_ENABLE_OBJC_ARC = YES;
				CLANG_WARN_BOOL_CONVERSION = YES;
				CLANG_WARN_CONSTANT_CONVERSION = YES;
				CLANG_WARN_DIRECT_OBJC_ISA_USAGE = YES_ERROR;
				CLANG_WARN_EMPTY_BODY = YES;
				CLANG_WARN_ENUM_CONVERSION = YES;
				CLANG_WARN_INT_CONVERSION = YES;
				CLANG_WARN_OBJC_ROOT_CLASS = YES_ERROR;
				CLANG_WARN_UNREACHABLE_CODE = YES;
				CLANG_WARN__DUPLICATE_METHOD_MATCH = YES;
				"CODE_SIGN_IDENTITY[sdk=iphoneos*]" = "iPhone Developer";
				COPY_PHASE_STRIP = YES;
				ENABLE_NS_ASSERTIONS = NO;
				ENABLE_STRICT_OBJC_MSGSEND = YES;
				GCC_C_LANGUAGE_STANDARD = gnu99;
				GCC_WARN_64_TO_32_BIT_CONVERSION = YES;
				GCC_WARN_ABOUT_RETURN_TYPE = YES_ERROR;
				GCC_WARN_UNDECLARED_SELECTOR = YES;
				GCC_WARN_UNINITIALIZED_AUTOS = YES_AGGRESSIVE;
				GCC_WARN_UNUSED_FUNCTION = YES;
				GCC_WARN_UNUSED_VARIABLE = YES;
				IPHONEOS_DEPLOYMENT_TARGET = 8.1;
				MTL_ENABLE_DEBUG_INFO = NO;
				SDKROOT = iphoneos;
				VALIDATE_PRODUCT = YES;
			};
			name = Release;
		};
		43E9FC741A839F4A00DB023F /* Debug */ = {
			isa = XCBuildConfiguration;
			buildSettings = {
				ASSETCATALOG_COMPILER_APPICON_NAME = AppIcon;
				FRAMEWORK_SEARCH_PATHS = (
					"$(inherited)",
					"$(PROJECT_DIR)/dropoffpickup/parse-library-1.6.2",
				);
				INFOPLIST_FILE = dropoffpickup/Info.plist;
				LD_RUNPATH_SEARCH_PATHS = "$(inherited) @executable_path/Frameworks";
				PRODUCT_NAME = "$(TARGET_NAME)";
			};
			name = Debug;
		};
		43E9FC751A839F4A00DB023F /* Release */ = {
			isa = XCBuildConfiguration;
			buildSettings = {
				ASSETCATALOG_COMPILER_APPICON_NAME = AppIcon;
				FRAMEWORK_SEARCH_PATHS = (
					"$(inherited)",
					"$(PROJECT_DIR)/dropoffpickup/parse-library-1.6.2",
				);
				INFOPLIST_FILE = dropoffpickup/Info.plist;
				LD_RUNPATH_SEARCH_PATHS = "$(inherited) @executable_path/Frameworks";
				PRODUCT_NAME = "$(TARGET_NAME)";
			};
			name = Release;
		};
		43E9FC771A839F4A00DB023F /* Debug */ = {
			isa = XCBuildConfiguration;
			buildSettings = {
				BUNDLE_LOADER = "$(TEST_HOST)";
				FRAMEWORK_SEARCH_PATHS = (
					"$(SDKROOT)/Developer/Library/Frameworks",
					"$(inherited)",
				);
				GCC_PREPROCESSOR_DEFINITIONS = (
					"DEBUG=1",
					"$(inherited)",
				);
				INFOPLIST_FILE = dropoffpickupTests/Info.plist;
				LD_RUNPATH_SEARCH_PATHS = "$(inherited) @executable_path/Frameworks @loader_path/Frameworks";
				PRODUCT_NAME = "$(TARGET_NAME)";
				TEST_HOST = "$(BUILT_PRODUCTS_DIR)/dropoffpickup.app/dropoffpickup";
			};
			name = Debug;
		};
		43E9FC781A839F4A00DB023F /* Release */ = {
			isa = XCBuildConfiguration;
			buildSettings = {
				BUNDLE_LOADER = "$(TEST_HOST)";
				FRAMEWORK_SEARCH_PATHS = (
					"$(SDKROOT)/Developer/Library/Frameworks",
					"$(inherited)",
				);
				INFOPLIST_FILE = dropoffpickupTests/Info.plist;
				LD_RUNPATH_SEARCH_PATHS = "$(inherited) @executable_path/Frameworks @loader_path/Frameworks";
				PRODUCT_NAME = "$(TARGET_NAME)";
				TEST_HOST = "$(BUILT_PRODUCTS_DIR)/dropoffpickup.app/dropoffpickup";
			};
			name = Release;
		};
/* End XCBuildConfiguration section */

/* Begin XCConfigurationList section */
		43E9FC4D1A839F4900DB023F /* Build configuration list for PBXProject "dropoffpickup" */ = {
			isa = XCConfigurationList;
			buildConfigurations = (
				43E9FC711A839F4A00DB023F /* Debug */,
				43E9FC721A839F4A00DB023F /* Release */,
			);
			defaultConfigurationIsVisible = 0;
			defaultConfigurationName = Release;
		};
		43E9FC731A839F4A00DB023F /* Build configuration list for PBXNativeTarget "dropoffpickup" */ = {
			isa = XCConfigurationList;
			buildConfigurations = (
				43E9FC741A839F4A00DB023F /* Debug */,
				43E9FC751A839F4A00DB023F /* Release */,
			);
			defaultConfigurationIsVisible = 0;
			defaultConfigurationName = Release;
		};
		43E9FC761A839F4A00DB023F /* Build configuration list for PBXNativeTarget "dropoffpickupTests" */ = {
			isa = XCConfigurationList;
			buildConfigurations = (
				43E9FC771A839F4A00DB023F /* Debug */,
				43E9FC781A839F4A00DB023F /* Release */,
			);
			defaultConfigurationIsVisible = 0;
			defaultConfigurationName = Release;
		};
/* End XCConfigurationList section */
	};
	rootObject = 43E9FC4A1A839F4900DB023F /* Project object */;
}
